
Microsoft Visual Studio Solution File, Format Version 12.00
# Visual Studio Version 17
VisualStudioVersion = 17.10.35013.160
MinimumVisualStudioVersion = 10.0.40219.1
Project("{FAE04EC0-301F-11D3-BF4B-00C04F79EFBC}") = "Laba-12", "Laba-12.csproj", "{0A98D0F7-2E83-479B-B19B-8EAF891B6D37}"
EndProject
Global
	GlobalSection(SolutionConfigurationPlatforms) = preSolution
		Debug|Any CPU = Debug|Any CPU
		Release|Any CPU = Release|Any CPU
	EndGlobalSection
	GlobalSection(ProjectConfigurationPlatforms) = postSolution
		{0A98D0F7-2E83-479B-B19B-8EAF891B6D37}.Debug|Any CPU.ActiveCfg = Debug|Any CPU
		{0A98D0F7-2E83-479B-B19B-8EAF891B6D37}.Debug|Any CPU.Build.0 = Debug|Any CPU
		{0A98D0F7-2E83-479B-B19B-8EAF891B6D37}.Release|Any CPU.ActiveCfg = Release|Any CPU
		{0A98D0F7-2E83-479B-B19B-8EAF891B6D37}.Release|Any CPU.Build.0 = Release|Any CPU
	EndGlobalSection
	GlobalSection(SolutionProperties) = preSolution
		HideSolutionNode = FALSE
	EndGlobalSection
	GlobalSection(ExtensibilityGlobals) = postSolution
		SolutionGuid = {C41C84B3-471C-48B6-9D8D-E7B84C121AED}
	EndGlobalSection
EndGlobal
